
Microsoft Visual Studio Solution File, Format Version 12.00
# Visual Studio 14
VisualStudioVersion = 14.0.24720.0
MinimumVisualStudioVersion = 10.0.40219.1
Project("{A07B5EB6-E848-4116-A8D0-A826331D98C6}") = "ProductService", "ProductService\ProductService.sfproj", "{FBC654F3-98F8-4CBE-827B-C4C16257BAFE}"
EndProject
Project("{FAE04EC0-301F-11D3-BF4B-00C04F79EFBC}") = "WebApi", "Shopify\WebApi.csproj", "{6EEE69C8-686B-4E53-BBEF-AE47E8CC2692}"
EndProject
Global
	GlobalSection(SolutionConfigurationPlatforms) = preSolution
		Debug|x64 = Debug|x64
		Release|x64 = Release|x64
	EndGlobalSection
	GlobalSection(ProjectConfigurationPlatforms) = postSolution
		{FBC654F3-98F8-4CBE-827B-C4C16257BAFE}.Debug|x64.ActiveCfg = Debug|x64
		{FBC654F3-98F8-4CBE-827B-C4C16257BAFE}.Debug|x64.Build.0 = Debug|x64
		{FBC654F3-98F8-4CBE-827B-C4C16257BAFE}.Debug|x64.Deploy.0 = Debug|x64
		{FBC654F3-98F8-4CBE-827B-C4C16257BAFE}.Release|x64.ActiveCfg = Release|x64
		{FBC654F3-98F8-4CBE-827B-C4C16257BAFE}.Release|x64.Build.0 = Release|x64
		{FBC654F3-98F8-4CBE-827B-C4C16257BAFE}.Release|x64.Deploy.0 = Release|x64
		{6EEE69C8-686B-4E53-BBEF-AE47E8CC2692}.Debug|x64.ActiveCfg = Debug|x64
		{6EEE69C8-686B-4E53-BBEF-AE47E8CC2692}.Debug|x64.Build.0 = Debug|x64
		{6EEE69C8-686B-4E53-BBEF-AE47E8CC2692}.Release|x64.ActiveCfg = Release|x64
		{6EEE69C8-686B-4E53-BBEF-AE47E8CC2692}.Release|x64.Build.0 = Release|x64
	EndGlobalSection
	GlobalSection(SolutionProperties) = preSolution
		HideSolutionNode = FALSE
	EndGlobalSection
EndGlobal
